PODS:
  - AFNetworking (3.2.1):
    - AFNetworking/NSURLSession (= 3.2.1)
    - AFNetworking/Reachability (= 3.2.1)
    - AFNetworking/Security (= 3.2.1)
    - AFNetworking/Serialization (= 3.2.1)
    - AFNetworking/UIKit (= 3.2.1)
  - AFNetworking/NSURLSession (3.2.1):
    - AFNetworking/Reachability
    - AFNetworking/Security
    - AFNetworking/Serialization
  - AFNetworking/Reachability (3.2.1)
  - AFNetworking/Security (3.2.1)
  - AFNetworking/Serialization (3.2.1)
  - AFNetworking/UIKit (3.2.1):
    - AFNetworking/NSURLSession
  - AXiOSTools (1.0.0):
    - AFNetworking
    - DZNEmptyDataSet
    - GKPhotoBrowser
    - IQKeyboardManager
    - KVOController
    - Masonry
    - MBProgressHUD
    - MJExtension
    - MJRefresh
    - NullSafe
    - SDCycleScrollView
    - SDWebImage
  - DZNEmptyDataSet (1.8.1)
  - GKPhotoBrowser (1.4.2):
    - SDWebImage
  - IQKeyboardManager (6.2.0)
  - KVOController (1.2.0)
  - Masonry (1.1.0)
  - MBProgressHUD (1.1.0)
  - MJExtension (3.0.15.1)
  - MJRefresh (3.1.15.7)
  - NullSafe (2.0)
  - SDCycleScrollView (1.75):
    - SDWebImage (>= 4.0.0)
  - SDWebImage (4.4.3):
    - SDWebImage/Core (= 4.4.3)
  - SDWebImage/Core (4.4.3)

DEPENDENCIES:
  - AXiOSTools (from `../`)

SPEC REPOS:
  https://github.com/cocoapods/specs.git:
    - AFNetworking
    - DZNEmptyDataSet
    - GKPhotoBrowser
    - IQKeyboardManager
    - KVOController
    - Masonry
    - MBProgressHUD
    - MJExtension
    - MJRefresh
    - NullSafe
    - SDCycleScrollView
    - SDWebImage

EXTERNAL SOURCES:
  AXiOSTools:
    :path: "../"

SPEC CHECKSUMS:
  AFNetworking: b6f891fdfaed196b46c7a83cf209e09697b94057
  AXiOSTools: 8271d4805c4982a7320c8c9bb89531c8e7936b43
  DZNEmptyDataSet: 9525833b9e68ac21c30253e1d3d7076cc828eaa7
  GKPhotoBrowser: e01823b4a8b81e39a459715b7d0d0c57aacfe50a
  IQKeyboardManager: 6194101620b73af5e67900b8f89707a99de0b804
  KVOController: d72ace34afea42468329623b3379ab3cd1d286b6
  Masonry: 678fab65091a9290e40e2832a55e7ab731aad201
  MBProgressHUD: e7baa36a220447d8aeb12769bf0585582f3866d9
  MJExtension: 19bc33ce2eee2d319760f5622562cf581a6ff756
  MJRefresh: 697f8ec75ebdbe9207767bb682cf0f51b0d8a41f
  NullSafe: 948feba938f03abede5ed3758694a9fe5b3a65ce
  SDCycleScrollView: 884b88f0266dd4708a0e1934975c69cb971707b1
  SDWebImage: c5594f1a19c48d526d321e548902b56b479cd508

PODFILE CHECKSUM: a632ea7660c05f38ef587244beb24098fdedbbb2

COCOAPODS: 1.5.3
