PODS:
  - AFNetworking (4.0.1):
    - AFNetworking/NSURLSession (= 4.0.1)
    - AFNetworking/Reachability (= 4.0.1)
    - AFNetworking/Security (= 4.0.1)
    - AFNetworking/Serialization (= 4.0.1)
    - AFNetworking/UIKit (= 4.0.1)
  - AFNetworking/NSURLSession (4.0.1):
    - AFNetworking/Reachability
    - AFNetworking/Security
    - AFNetworking/Serialization
  - AFNetworking/Reachability (4.0.1)
  - AFNetworking/Security (4.0.1)
  - AFNetworking/Serialization (4.0.1)
  - AFNetworking/UIKit (4.0.1):
    - AFNetworking/NSURLSession
  - Aspects (1.4.1)
  - AvoidCrash (2.5.2)
  - AXiOSKit (2.0.0):
    - AFNetworking (~> 4.0.0)
    - Aspects
    - DZNEmptyDataSet
    - IQKeyboardManager
    - KVOController
    - Masonry
    - MBProgressHUD
    - MJExtension
    - MJRefresh
    - NullSafe
    - ReactiveObjC
    - SDWebImage
  - Bagel (1.3.2):
    - CocoaAsyncSocket
  - Canvas (0.1.2)
  - CocoaAsyncSocket (7.4.3):
    - CocoaAsyncSocket/All (= 7.4.3)
  - CocoaAsyncSocket/All (7.4.3):
    - CocoaAsyncSocket/GCD
    - CocoaAsyncSocket/RunLoop
  - CocoaAsyncSocket/GCD (7.4.3)
  - CocoaAsyncSocket/RunLoop (7.4.3)
  - DZNEmptyDataSet (1.8.1)
  - FBRetainCycleDetector (0.1.4)
  - fishhook (0.2)
  - FLAnimatedImage (1.0.12)
  - FMDB (2.7.5):
    - FMDB/standard (= 2.7.5)
  - FMDB/standard (2.7.5)
  - IQKeyboardManager (6.5.6)
  - JJException (0.2.9):
    - JJException/All (= 0.2.9)
  - JJException/All (0.2.9):
    - JJException/ARC
    - JJException/DeallocBlock
    - JJException/Main
    - JJException/MRC
    - JJException/Swizzle
  - JJException/ARC (0.2.9):
    - JJException/DeallocBlock
    - JJException/Main
    - JJException/Swizzle
  - JJException/DeallocBlock (0.2.9)
  - JJException/Main (0.2.9)
  - JJException/MRC (0.2.9):
    - JJException/Main
    - JJException/Swizzle
  - JJException/Swizzle (0.2.9)
  - JKVValue (1.3.3)
  - KVOController (1.2.0)
  - libwebp (1.1.0):
    - libwebp/demux (= 1.1.0)
    - libwebp/mux (= 1.1.0)
    - libwebp/webp (= 1.1.0)
  - libwebp/demux (1.1.0):
    - libwebp/webp
  - libwebp/mux (1.1.0):
    - libwebp/demux
  - libwebp/webp (1.1.0)
  - LLDebugTool (1.3.8.1):
    - LLDebugTool/AppInfo (= 1.3.8.1)
    - LLDebugTool/Core (= 1.3.8.1)
    - LLDebugTool/Crash (= 1.3.8.1)
    - LLDebugTool/Hierarchy (= 1.3.8.1)
    - LLDebugTool/Html (= 1.3.8.1)
    - LLDebugTool/Location (= 1.3.8.1)
    - LLDebugTool/Log (= 1.3.8.1)
    - LLDebugTool/Magnifier (= 1.3.8.1)
    - LLDebugTool/Network (= 1.3.8.1)
    - LLDebugTool/Ruler (= 1.3.8.1)
    - LLDebugTool/Sandbox (= 1.3.8.1)
    - LLDebugTool/Screenshot (= 1.3.8.1)
    - LLDebugTool/ShortCut (= 1.3.8.1)
    - LLDebugTool/Storage (= 1.3.8.1)
    - LLDebugTool/WidgetBorder (= 1.3.8.1)
  - LLDebugTool/AppInfo (1.3.8.1):
    - LLDebugTool/Core
  - LLDebugTool/Core (1.3.8.1)
  - LLDebugTool/Crash (1.3.8.1):
    - LLDebugTool/Storage
  - LLDebugTool/Hierarchy (1.3.8.1):
    - LLDebugTool/Core
  - LLDebugTool/Html (1.3.8.1):
    - LLDebugTool/Core
  - LLDebugTool/Location (1.3.8.1):
    - LLDebugTool/Core
  - LLDebugTool/Log (1.3.8.1):
    - LLDebugTool/Storage
  - LLDebugTool/Magnifier (1.3.8.1):
    - LLDebugTool/Core
  - LLDebugTool/Network (1.3.8.1):
    - LLDebugTool/Storage
  - LLDebugTool/Ruler (1.3.8.1):
    - LLDebugTool/Core
  - LLDebugTool/Sandbox (1.3.8.1):
    - LLDebugTool/Core
  - LLDebugTool/Screenshot (1.3.8.1):
    - LLDebugTool/Core
  - LLDebugTool/ShortCut (1.3.8.1):
    - LLDebugTool/Core
  - LLDebugTool/Storage (1.3.8.1):
    - FMDB (~> 2.0)
    - LLDebugTool/Core
  - LLDebugTool/WidgetBorder (1.3.8.1):
    - LLDebugTool/Core
  - LookinServer (1.0.0)
  - Masonry (1.1.0)
  - MBProgressHUD (1.2.0)
  - MGJRouter (0.10.0)
  - MGSwipeTableCell (1.6.11)
  - MJExtension (3.2.2)
  - MJRefresh (3.5.0)
  - MLeaksFinder (1.0.0):
    - FBRetainCycleDetector
  - MMKV (1.2.4):
    - MMKVCore (~> 1.2.4)
  - MMKVCore (1.2.4)
  - MQTTClient (0.15.3):
    - MQTTClient/Core (= 0.15.3)
  - MQTTClient/Core (0.15.3):
    - MQTTClient/Manager
    - MQTTClient/Min
  - MQTTClient/Manager (0.15.3):
    - MQTTClient/Min
  - MQTTClient/Min (0.15.3)
  - MQTTClient/Websocket (0.15.3):
    - MQTTClient/Min
    - SocketRocket
  - NullSafe (2.0)
  - PromisesObjC (1.2.11)
  - ReactiveObjC (3.1.1)
  - RMQClient (0.10.0):
    - CocoaAsyncSocket (~> 7.4.0)
    - JKVValue
  - SDWebImage (5.9.5):
    - SDWebImage/Core (= 5.9.5)
  - SDWebImage/Core (5.9.5)
  - SDWebImageFLPlugin (0.4.0):
    - FLAnimatedImage (>= 1.0.11)
    - SDWebImage/Core (~> 5.6)
  - SDWebImageWebPCoder (0.6.1):
    - libwebp (~> 1.0)
    - SDWebImage/Core (~> 5.7)
  - SocketRocket (0.5.1)
  - SQLiteRepairKit (1.2.2):
    - WCDBOptimizedSQLCipher (~> 1.2.0)
  - SSKeychain (1.4.1)
  - TZImagePickerController (3.4.8)
  - WCDB (1.0.7.5):
    - SQLiteRepairKit (~> 1.2.0)
    - WCDBOptimizedSQLCipher (~> 1.2.0)
  - WCDBOptimizedSQLCipher (1.2.1)
  - WechatOpenSDK (1.7.7)

DEPENDENCIES:
  - AFNetworking
  - AvoidCrash
  - AXiOSKit (from `../`)
  - Bagel (~> 1.3.2)
  - Canvas (~> 0.1.2)
  - CocoaAsyncSocket
  - fishhook
  - IQKeyboardManager
  - JJException
  - LLDebugTool (~> 1.0)
  - LookinServer
  - Masonry
  - MGJRouter
  - MGSwipeTableCell (~> 1.6.11)
  - MLeaksFinder
  - MMKV
  - MQTTClient
  - MQTTClient/Websocket
  - PromisesObjC
  - ReactiveObjC
  - RMQClient
  - SDWebImage (~> 5.9.5)
  - SDWebImageFLPlugin
  - SDWebImageWebPCoder
  - SocketRocket
  - SSKeychain
  - TZImagePickerController
  - WCDB
  - WechatOpenSDK (= 1.7.7)

SPEC REPOS:
  trunk:
    - AFNetworking
    - Aspects
    - AvoidCrash
    - Bagel
    - Canvas
    - CocoaAsyncSocket
    - DZNEmptyDataSet
    - FBRetainCycleDetector
    - fishhook
    - FLAnimatedImage
    - FMDB
    - IQKeyboardManager
    - JJException
    - JKVValue
    - KVOController
    - libwebp
    - LLDebugTool
    - LookinServer
    - Masonry
    - MBProgressHUD
    - MGJRouter
    - MGSwipeTableCell
    - MJExtension
    - MJRefresh
    - MLeaksFinder
    - MMKV
    - MMKVCore
    - MQTTClient
    - NullSafe
    - PromisesObjC
    - ReactiveObjC
    - RMQClient
    - SDWebImage
    - SDWebImageFLPlugin
    - SDWebImageWebPCoder
    - SocketRocket
    - SQLiteRepairKit
    - SSKeychain
    - TZImagePickerController
    - WCDB
    - WCDBOptimizedSQLCipher
    - WechatOpenSDK

EXTERNAL SOURCES:
  AXiOSKit:
    :path: "../"

SPEC CHECKSUMS:
  AFNetworking: 7864c38297c79aaca1500c33288e429c3451fdce
  Aspects: 7595ba96a6727a58ebcbfc954497fc5d2fdde546
  AvoidCrash: 28c6916fe19bd2b84126b8dec7cbe61c9a12741d
  AXiOSKit: 129ca577ca7fa35edf0b63e8598c9dd270018059
  Bagel: 199e0105ac694d6eee9db54dd006c940da6ce81b
  Canvas: eb861e3b555d032648146c8ffda1a5dea40059ca
  CocoaAsyncSocket: a18c75dca4b08723628a0bacca6e94803d90be91
  DZNEmptyDataSet: 9525833b9e68ac21c30253e1d3d7076cc828eaa7
  FBRetainCycleDetector: 46f8179bbb1c587deee3ea838a1a3ee02acf5015
  fishhook: ea19933abfe8f2f52c55fd8b6e2718467d3ebc89
  FLAnimatedImage: 4a0b56255d9b05f18b6dd7ee06871be5d3b89e31
  FMDB: 2ce00b547f966261cd18927a3ddb07cb6f3db82a
  IQKeyboardManager: 2a6e97afdafc7becf0cb17a9a8d795e3a980717f
  JJException: da7c64ccf29d9938a4075378a7e9a29db7383c37
  JKVValue: d7941071b1cf9ba35c194fd40bcf4c4d9b5462e9
  KVOController: d72ace34afea42468329623b3379ab3cd1d286b6
  libwebp: 04242ef451672185c1fe41b285a034d2fbda483c
  LLDebugTool: 6026a1df690f5f94524567fce7f97fa53ce131d8
  LookinServer: 0002891cd3cec5e082a910e897dfe71b4f06b89e
  Masonry: 678fab65091a9290e40e2832a55e7ab731aad201
  MBProgressHUD: 3ee5efcc380f6a79a7cc9b363dd669c5e1ae7406
  MGJRouter: 15d94541eb2cc81eff7d577337288feb7ae9575f
  MGSwipeTableCell: b804e4e450dee439c42250be90bd50458bf67fce
  MJExtension: d9b9c74cbdeb724c1e9ecbb157b318276e62e876
  MJRefresh: 6afc955813966afb08305477dd7a0d9ad5e79a16
  MLeaksFinder: 8c435bd2f6d070af18cff082b503b21adc130fc0
  MMKV: f15696ad598023bf6cbb17eadee13efc185c5028
  MMKVCore: 9a9c10e4faf3b3068367fb2efe5419722f3d2e8a
  MQTTClient: 0dfa04e789479c2e461786464969895c1fcb0875
  NullSafe: 948feba938f03abede5ed3758694a9fe5b3a65ce
  PromisesObjC: 8c196f5a328c2cba3e74624585467a557dcb482f
  ReactiveObjC: 011caa393aa0383245f2dcf9bf02e86b80b36040
  RMQClient: e9bfea2d08f151b6b12df82ad115c78bd8de2106
  SDWebImage: 0b2ba0d56479bf6a45ecddbfd5558bea93150d25
  SDWebImageFLPlugin: 6c2295fb1242d44467c6c87dc5db6b0a13228fd8
  SDWebImageWebPCoder: d0dac55073088d24b2ac1b191a71a8f8d0adac21
  SocketRocket: d57c7159b83c3c6655745cd15302aa24b6bae531
  SQLiteRepairKit: 35aaae5a8838adb85f5b1eb4d796055be6060a4b
  SSKeychain: 55cc80f66f5c73da827e3077f02e43528897db41
  TZImagePickerController: 6685e6d81b8fd5453e80ba369dd4ebd6e97276ee
  WCDB: 8e90babdeb7784c569353a4bd22a66c0a175a882
  WCDBOptimizedSQLCipher: baf44493b0c7a3d49e97bc5b64a3856f6428ddd1
  WechatOpenSDK: cbd332148eb792d444ed4eec94f421d98f2046ee

PODFILE CHECKSUM: 7c09c7d4de5db36af86f73bc09bc1d5cc7f00406

COCOAPODS: 1.10.0
