// !$*UTF8*$!
{
	archiveVersion = 1;
	classes = {
	};
	objectVersion = 51;
	objects = {

/* Begin PBXBuildFile section */
		2105E7782462EC4C0076A65B /* TextFViewController.xib in Resources */ = {isa = PBXBuildFile; fileRef = 2105E7242462EC4C0076A65B /* TextFViewController.xib */; };
		2105E7792462EC4C0076A65B /* TextFViewController.m in Sources */ = {isa = PBXBuildFile; fileRef = 2105E7252462EC4C0076A65B /* TextFViewController.m */; };
		2105E77A2462EC4C0076A65B /* CODE_OF_CONDUCT.md in Resources */ = {isa = PBXBuildFile; fileRef = 2105E7272462EC4C0076A65B /* CODE_OF_CONDUCT.md */; };
		2105E77B2462EC4C0076A65B /* LICENSE in Resources */ = {isa = PBXBuildFile; fileRef = 2105E7282462EC4C0076A65B /* LICENSE */; };
		2105E77C2462EC4C0076A65B /* fishhook.c in Sources */ = {isa = PBXBuildFile; fileRef = 2105E7292462EC4C0076A65B /* fishhook.c */; };
		2105E77D2462EC4C0076A65B /* README.md in Resources */ = {isa = PBXBuildFile; fileRef = 2105E72A2462EC4C0076A65B /* README.md */; };
		2105E77E2462EC4C0076A65B /* CONTRIBUTING.md in Resources */ = {isa = PBXBuildFile; fileRef = 2105E72B2462EC4C0076A65B /* CONTRIBUTING.md */; };
		2105E77F2462EC4C0076A65B /* fishhook.podspec in Resources */ = {isa = PBXBuildFile; fileRef = 2105E72D2462EC4C0076A65B /* fishhook.podspec */; };
		2105E7802462EC4C0076A65B /* H5.bundle in Resources */ = {isa = PBXBuildFile; fileRef = 2105E72F2462EC4C0076A65B /* H5.bundle */; };
		2105E7812462EC4C0076A65B /* AFNViewController.xib in Resources */ = {isa = PBXBuildFile; fileRef = 2105E7302462EC4C0076A65B /* AFNViewController.xib */; };
		2105E7822462EC4C0076A65B /* TestObj.m in Sources */ = {isa = PBXBuildFile; fileRef = 2105E7362462EC4C0076A65B /* TestObj.m */; };
		2105E7832462EC4C0076A65B /* NSObject+SelectorDefender.m in Sources */ = {isa = PBXBuildFile; fileRef = 2105E7372462EC4C0076A65B /* NSObject+SelectorDefender.m */; };
		2105E7842462EC4C0076A65B /* NSObject+MethodSwizzling.m in Sources */ = {isa = PBXBuildFile; fileRef = 2105E7382462EC4C0076A65B /* NSObject+MethodSwizzling.m */; };
		2105E7872462EC4C0076A65B /* ChatViewController.xib in Resources */ = {isa = PBXBuildFile; fileRef = 2105E73E2462EC4C0076A65B /* ChatViewController.xib */; };
		2105E7882462EC4C0076A65B /* ChatViewController.m in Sources */ = {isa = PBXBuildFile; fileRef = 2105E73F2462EC4C0076A65B /* ChatViewController.m */; };
		2105E7892462EC4C0076A65B /* ChatMessageModel.m in Sources */ = {isa = PBXBuildFile; fileRef = 2105E7422462EC4C0076A65B /* ChatMessageModel.m */; };
		2105E78A2462EC4C0076A65B /* ChatTextMessageModel.m in Sources */ = {isa = PBXBuildFile; fileRef = 2105E7442462EC4C0076A65B /* ChatTextMessageModel.m */; };
		2105E78C2462EC4C0076A65B /* AView.m in Sources */ = {isa = PBXBuildFile; fileRef = 2105E74A2462EC4C0076A65B /* AView.m */; };
		2105E78D2462EC4C0076A65B /* Assets.xcassets in Resources */ = {isa = PBXBuildFile; fileRef = 2105E74C2462EC4C0076A65B /* Assets.xcassets */; };
		2105E78F2462EC4C0076A65B /* SceneDelegate.m in Sources */ = {isa = PBXBuildFile; fileRef = 2105E74F2462EC4C0076A65B /* SceneDelegate.m */; };
		2105E7912462EC4C0076A65B /* LaunchScreen.storyboard in Resources */ = {isa = PBXBuildFile; fileRef = 2105E7512462EC4C0076A65B /* LaunchScreen.storyboard */; };
		2105E7922462EC4C0076A65B /* Main.storyboard in Resources */ = {isa = PBXBuildFile; fileRef = 2105E7532462EC4C0076A65B /* Main.storyboard */; };
		2105E7932462EC4C0076A65B /* RunLoopViewController.m in Sources */ = {isa = PBXBuildFile; fileRef = 2105E7552462EC4C0076A65B /* RunLoopViewController.m */; };
		2105E7942462EC4C0076A65B /* AANavigationController.m in Sources */ = {isa = PBXBuildFile; fileRef = 2105E7562462EC4C0076A65B /* AANavigationController.m */; };
		2105E7952462EC4C0076A65B /* LVieoView.m in Sources */ = {isa = PBXBuildFile; fileRef = 2105E7592462EC4C0076A65B /* LVieoView.m */; };
		2105E7962462EC4C0076A65B /* Person.m in Sources */ = {isa = PBXBuildFile; fileRef = 2105E75B2462EC4C0076A65B /* Person.m */; };
		2105E7972462EC4C0076A65B /* main.m in Sources */ = {isa = PBXBuildFile; fileRef = 2105E75C2462EC4C0076A65B /* main.m */; };
		2105E7982462EC4C0076A65B /* RunLoopViewController.xib in Resources */ = {isa = PBXBuildFile; fileRef = 2105E75D2462EC4C0076A65B /* RunLoopViewController.xib */; };
		2105E7992462EC4C0076A65B /* AppDelegate.m in Sources */ = {isa = PBXBuildFile; fileRef = 2105E75E2462EC4C0076A65B /* AppDelegate.m */; };
		2105E79A2462EC4C0076A65B /* AAViewController.xib in Resources */ = {isa = PBXBuildFile; fileRef = 2105E75F2462EC4C0076A65B /* AAViewController.xib */; };
		2105E79B2462EC4C0076A65B /* AAViewController.m in Sources */ = {isa = PBXBuildFile; fileRef = 2105E7602462EC4C0076A65B /* AAViewController.m */; };
		2105E79C2462EC4C0076A65B /* AFNViewController.m in Sources */ = {isa = PBXBuildFile; fileRef = 2105E7622462EC4C0076A65B /* AFNViewController.m */; };
		2105E79D2462EC4C0076A65B /* _00TableViewController.m in Sources */ = {isa = PBXBuildFile; fileRef = 2105E7632462EC4C0076A65B /* _00TableViewController.m */; };
		2105E79E2462EC4C0076A65B /* SoundRecordDB.mm in Sources */ = {isa = PBXBuildFile; fileRef = 2105E7662462EC4C0076A65B /* SoundRecordDB.mm */; };
		2105E79F2462EC4C0076A65B /* BAThemeListModel+WCDB.mm in Sources */ = {isa = PBXBuildFile; fileRef = 2105E7692462EC4C0076A65B /* BAThemeListModel+WCDB.mm */; };
		2105E7A02462EC4C0076A65B /* BAUserInfo.m in Sources */ = {isa = PBXBuildFile; fileRef = 2105E76B2462EC4C0076A65B /* BAUserInfo.m */; };
		2105E7A12462EC4C0076A65B /* BAThemeListModel.m in Sources */ = {isa = PBXBuildFile; fileRef = 2105E76D2462EC4C0076A65B /* BAThemeListModel.m */; };
		2105E7A22462EC4C0076A65B /* PalyThemeDB.mm in Sources */ = {isa = PBXBuildFile; fileRef = 2105E7722462EC4C0076A65B /* PalyThemeDB.mm */; };
		210753642496436100CD0C53 /* _15UIMenuController.m in Sources */ = {isa = PBXBuildFile; fileRef = 210753632496436100CD0C53 /* _15UIMenuController.m */; };
		2116C98724638D2200492DC2 /* _00TableViewCell.m in Sources */ = {isa = PBXBuildFile; fileRef = 2116C98524638D2200492DC2 /* _00TableViewCell.m */; };
		2116C98824638D2200492DC2 /* _00TableViewCell.xib in Resources */ = {isa = PBXBuildFile; fileRef = 2116C98624638D2200492DC2 /* _00TableViewCell.xib */; };
		213A9984246391850045DDF0 /* AXWebSocketEngine.m in Sources */ = {isa = PBXBuildFile; fileRef = 213A9983246391850045DDF0 /* AXWebSocketEngine.m */; };
		213A99882463919F0045DDF0 /* WCDBViewController.xib in Resources */ = {isa = PBXBuildFile; fileRef = 213A99862463919F0045DDF0 /* WCDBViewController.xib */; };
		213A99892463919F0045DDF0 /* WCDBViewController.m in Sources */ = {isa = PBXBuildFile; fileRef = 213A99872463919F0045DDF0 /* WCDBViewController.m */; };
		213A998D246391A90045DDF0 /* VideoViewController.m in Sources */ = {isa = PBXBuildFile; fileRef = 213A998B246391A80045DDF0 /* VideoViewController.m */; };
		213A998E246391A90045DDF0 /* VideoViewController.xib in Resources */ = {isa = PBXBuildFile; fileRef = 213A998C246391A90045DDF0 /* VideoViewController.xib */; };
		213A999A2463BFD10045DDF0 /* webp.bundle in Resources */ = {isa = PBXBuildFile; fileRef = 213A99992463BFD10045DDF0 /* webp.bundle */; };
		214AF8BC249067A700A65D15 /* MakeKeyAndVisible.m in Sources */ = {isa = PBXBuildFile; fileRef = 214AF8BB249067A700A65D15 /* MakeKeyAndVisible.m */; };
		219BDE33247627EB00D7AAA6 /* MyActivity.m in Sources */ = {isa = PBXBuildFile; fileRef = 219BDE32247627EB00D7AAA6 /* MyActivity.m */; };
		219BDE3624762A2E00D7AAA6 /* CopyActivity.m in Sources */ = {isa = PBXBuildFile; fileRef = 219BDE3524762A2E00D7AAA6 /* CopyActivity.m */; };
		21B0F89424736EA2001BB2A0 /* _14TFViewController.m in Sources */ = {isa = PBXBuildFile; fileRef = 21B0F89224736EA2001BB2A0 /* _14TFViewController.m */; };
		21B0F89524736EA2001BB2A0 /* _14TFViewController.xib in Resources */ = {isa = PBXBuildFile; fileRef = 21B0F89324736EA2001BB2A0 /* _14TFViewController.xib */; };
		21B5EC6F24B2CE5A00EDFE08 /* _09AFNViewController.m in Sources */ = {isa = PBXBuildFile; fileRef = 21B5EC6D24B2CE5A00EDFE08 /* _09AFNViewController.m */; };
		21B5EC7024B2CE5A00EDFE08 /* _09AFNViewController.xib in Resources */ = {isa = PBXBuildFile; fileRef = 21B5EC6E24B2CE5A00EDFE08 /* _09AFNViewController.xib */; };
		21C1AF9324C0320D00AF5DBB /* AFHTTPSessionManager+PutFile.m in Sources */ = {isa = PBXBuildFile; fileRef = 21C1AF9224C0320D00AF5DBB /* AFHTTPSessionManager+PutFile.m */; };
		21D670BD2474E5D100890F8F /* ShareViewController.m in Sources */ = {isa = PBXBuildFile; fileRef = 21D670BC2474E5D100890F8F /* ShareViewController.m */; };
		21D670C02474E5D100890F8F /* MainInterface.storyboard in Resources */ = {isa = PBXBuildFile; fileRef = 21D670BE2474E5D100890F8F /* MainInterface.storyboard */; };
		21D670C42474E5D100890F8F /* 分享.appex in Embed App Extensions */ = {isa = PBXBuildFile; fileRef = 21D670B92474E5D100890F8F /* 分享.appex */; settings = {ATTRIBUTES = (RemoveHeadersOnCopy, ); }; };
		21D7AD8924C80A700023D9CE /* IMG_3972.GIF in Resources */ = {isa = PBXBuildFile; fileRef = 21D7AD8824C80A700023D9CE /* IMG_3972.GIF */; };
		21D7AD8C24C80C700023D9CE /* _13WebpViewController.m in Sources */ = {isa = PBXBuildFile; fileRef = 21D7AD8B24C80C700023D9CE /* _13WebpViewController.m */; };
		21D7F7F324A9C74F0097A644 /* 123.jpg in Resources */ = {isa = PBXBuildFile; fileRef = 21D7F7F224A9C74F0097A644 /* 123.jpg */; };
		21D9949F24D93FFF0096B627 /* _16KeyChainViewController.m in Sources */ = {isa = PBXBuildFile; fileRef = 21D9949E24D93FFF0096B627 /* _16KeyChainViewController.m */; };
		21E636BB24AEC965000AE0ED /* UIViewController+Load.m in Sources */ = {isa = PBXBuildFile; fileRef = 21E636B924AEC965000AE0ED /* UIViewController+Load.m */; };
		21E636BF24AECB79000AE0ED /* _01ViewController.m in Sources */ = {isa = PBXBuildFile; fileRef = 21E636BD24AECB79000AE0ED /* _01ViewController.m */; };
		21E636C024AECB79000AE0ED /* _01ViewController.xib in Resources */ = {isa = PBXBuildFile; fileRef = 21E636BE24AECB79000AE0ED /* _01ViewController.xib */; };
		EFB53CC9DAEACE15EEBA0F67 /* Pods_AXiOSKitExample.framework in Frameworks */ = {isa = PBXBuildFile; fileRef = ED2AB1BCF4154D76F31004C5 /* Pods_AXiOSKitExample.framework */; };
/* End PBXBuildFile section */

/* Begin PBXContainerItemProxy section */
		21D670C22474E5D100890F8F /* PBXContainerItemProxy */ = {
			isa = PBXContainerItemProxy;
			containerPortal = 2105E6FE2462EA640076A65B /* Project object */;
			proxyType = 1;
			remoteGlobalIDString = 21D670B82474E5D100890F8F;
			remoteInfo = "分享";
		};
/* End PBXContainerItemProxy section */

/* Begin PBXCopyFilesBuildPhase section */
		21D670C82474E5D100890F8F /* Embed App Extensions */ = {
			isa = PBXCopyFilesBuildPhase;
			buildActionMask = 2147483647;
			dstPath = "";
			dstSubfolderSpec = 13;
			files = (
				21D670C42474E5D100890F8F /* 分享.appex in Embed App Extensions */,
			);
			name = "Embed App Extensions";
			runOnlyForDeploymentPostprocessing = 0;
		};
/* End PBXCopyFilesBuildPhase section */

/* Begin PBXFileReference section */
		2105E7062462EA640076A65B /* AXiOSKitExample.app */ = {isa = PBXFileReference; explicitFileType = wrapper.application; includeInIndex = 0; path = AXiOSKitExample.app; sourceTree = BUILT_PRODUCTS_DIR; };
		2105E7232462EC4C0076A65B /* Person.h */ = {isa = PBXFileReference; fileEncoding = 4; lastKnownFileType = sourcecode.c.h; path = Person.h; sourceTree = "<group>"; };
		2105E7242462EC4C0076A65B /* TextFViewController.xib */ = {isa = PBXFileReference; fileEncoding = 4; lastKnownFileType = file.xib; path = TextFViewController.xib; sourceTree = "<group>"; };
		2105E7252462EC4C0076A65B /* TextFViewController.m */ = {isa = PBXFileReference; fileEncoding = 4; lastKnownFileType = sourcecode.c.objc; path = TextFViewController.m; sourceTree = "<group>"; };
		2105E7272462EC4C0076A65B /* CODE_OF_CONDUCT.md */ = {isa = PBXFileReference; fileEncoding = 4; lastKnownFileType = net.daringfireball.markdown; path = CODE_OF_CONDUCT.md; sourceTree = "<group>"; };
		2105E7282462EC4C0076A65B /* LICENSE */ = {isa = PBXFileReference; fileEncoding = 4; lastKnownFileType = text; path = LICENSE; sourceTree = "<group>"; };
		2105E7292462EC4C0076A65B /* fishhook.c */ = {isa = PBXFileReference; fileEncoding = 4; lastKnownFileType = sourcecode.c.c; path = fishhook.c; sourceTree = "<group>"; };
		2105E72A2462EC4C0076A65B /* README.md */ = {isa = PBXFileReference; fileEncoding = 4; lastKnownFileType = net.daringfireball.markdown; path = README.md; sourceTree = "<group>"; };
		2105E72B2462EC4C0076A65B /* CONTRIBUTING.md */ = {isa = PBXFileReference; fileEncoding = 4; lastKnownFileType = net.daringfireball.markdown; path = CONTRIBUTING.md; sourceTree = "<group>"; };
		2105E72C2462EC4C0076A65B /* fishhook.h */ = {isa = PBXFileReference; fileEncoding = 4; lastKnownFileType = sourcecode.c.h; path = fishhook.h; sourceTree = "<group>"; };
		2105E72D2462EC4C0076A65B /* fishhook.podspec */ = {isa = PBXFileReference; fileEncoding = 4; lastKnownFileType = text; path = fishhook.podspec; sourceTree = "<group>"; };
		2105E72E2462EC4C0076A65B /* AANavigationController.h */ = {isa = PBXFileReference; fileEncoding = 4; lastKnownFileType = sourcecode.c.h; path = AANavigationController.h; sourceTree = "<group>"; };
		2105E72F2462EC4C0076A65B /* H5.bundle */ = {isa = PBXFileReference; lastKnownFileType = "wrapper.plug-in"; path = H5.bundle; sourceTree = "<group>"; };
		2105E7302462EC4C0076A65B /* AFNViewController.xib */ = {isa = PBXFileReference; fileEncoding = 4; lastKnownFileType = file.xib; path = AFNViewController.xib; sourceTree = "<group>"; };
		2105E7312462EC4C0076A65B /* AppDelegate.h */ = {isa = PBXFileReference; fileEncoding = 4; lastKnownFileType = sourcecode.c.h; path = AppDelegate.h; sourceTree = "<group>"; };
		2105E7332462EC4C0076A65B /* NSObject+MethodSwizzling.h */ = {isa = PBXFileReference; fileEncoding = 4; lastKnownFileType = sourcecode.c.h; path = "NSObject+MethodSwizzling.h"; sourceTree = "<group>"; };
		2105E7342462EC4C0076A65B /* NSObject+SelectorDefender.h */ = {isa = PBXFileReference; fileEncoding = 4; lastKnownFileType = sourcecode.c.h; path = "NSObject+SelectorDefender.h"; sourceTree = "<group>"; };
		2105E7362462EC4C0076A65B /* TestObj.m */ = {isa = PBXFileReference; fileEncoding = 4; lastKnownFileType = sourcecode.c.objc; path = TestObj.m; sourceTree = "<group>"; };
		2105E7372462EC4C0076A65B /* NSObject+SelectorDefender.m */ = {isa = PBXFileReference; fileEncoding = 4; lastKnownFileType = sourcecode.c.objc; path = "NSObject+SelectorDefender.m"; sourceTree = "<group>"; };
		2105E7382462EC4C0076A65B /* NSObject+MethodSwizzling.m */ = {isa = PBXFileReference; fileEncoding = 4; lastKnownFileType = sourcecode.c.objc; path = "NSObject+MethodSwizzling.m"; sourceTree = "<group>"; };
		2105E73B2462EC4C0076A65B /* TestObj.h */ = {isa = PBXFileReference; fileEncoding = 4; lastKnownFileType = sourcecode.c.h; path = TestObj.h; sourceTree = "<group>"; };
		2105E73E2462EC4C0076A65B /* ChatViewController.xib */ = {isa = PBXFileReference; fileEncoding = 4; lastKnownFileType = file.xib; path = ChatViewController.xib; sourceTree = "<group>"; };
		2105E73F2462EC4C0076A65B /* ChatViewController.m */ = {isa = PBXFileReference; fileEncoding = 4; lastKnownFileType = sourcecode.c.objc; path = ChatViewController.m; sourceTree = "<group>"; };
		2105E7402462EC4C0076A65B /* ChatViewController.h */ = {isa = PBXFileReference; fileEncoding = 4; lastKnownFileType = sourcecode.c.h; path = ChatViewController.h; sourceTree = "<group>"; };
		2105E7422462EC4C0076A65B /* ChatMessageModel.m */ = {isa = PBXFileReference; fileEncoding = 4; lastKnownFileType = sourcecode.c.objc; path = ChatMessageModel.m; sourceTree = "<group>"; };
		2105E7432462EC4C0076A65B /* ChatTextMessageModel.h */ = {isa = PBXFileReference; fileEncoding = 4; lastKnownFileType = sourcecode.c.h; path = ChatTextMessageModel.h; sourceTree = "<group>"; };
		2105E7442462EC4C0076A65B /* ChatTextMessageModel.m */ = {isa = PBXFileReference; fileEncoding = 4; lastKnownFileType = sourcecode.c.objc; path = ChatTextMessageModel.m; sourceTree = "<group>"; };
		2105E7452462EC4C0076A65B /* ChatMessageModel.h */ = {isa = PBXFileReference; fileEncoding = 4; lastKnownFileType = sourcecode.c.h; path = ChatMessageModel.h; sourceTree = "<group>"; };
		2105E7482462EC4C0076A65B /* _00TableViewController.h */ = {isa = PBXFileReference; fileEncoding = 4; lastKnownFileType = sourcecode.c.h; path = _00TableViewController.h; sourceTree = "<group>"; };
		2105E7492462EC4C0076A65B /* AFNViewController.h */ = {isa = PBXFileReference; fileEncoding = 4; lastKnownFileType = sourcecode.c.h; path = AFNViewController.h; sourceTree = "<group>"; };
		2105E74A2462EC4C0076A65B /* AView.m */ = {isa = PBXFileReference; fileEncoding = 4; lastKnownFileType = sourcecode.c.objc; path = AView.m; sourceTree = "<group>"; };
		2105E74B2462EC4C0076A65B /* AAViewController.h */ = {isa = PBXFileReference; fileEncoding = 4; lastKnownFileType = sourcecode.c.h; path = AAViewController.h; sourceTree = "<group>"; };
		2105E74C2462EC4C0076A65B /* Assets.xcassets */ = {isa = PBXFileReference; lastKnownFileType = folder.assetcatalog; path = Assets.xcassets; sourceTree = "<group>"; };
		2105E74F2462EC4C0076A65B /* SceneDelegate.m */ = {isa = PBXFileReference; fileEncoding = 4; lastKnownFileType = sourcecode.c.objc; path = SceneDelegate.m; sourceTree = "<group>"; };
		2105E7522462EC4C0076A65B /* Base */ = {isa = PBXFileReference; lastKnownFileType = file.storyboard; name = Base; path = Base.lproj/LaunchScreen.storyboard; sourceTree = "<group>"; };
		2105E7542462EC4C0076A65B /* Base */ = {isa = PBXFileReference; lastKnownFileType = file.storyboard; name = Base; path = Base.lproj/Main.storyboard; sourceTree = "<group>"; };
		2105E7552462EC4C0076A65B /* RunLoopViewController.m */ = {isa = PBXFileReference; fileEncoding = 4; lastKnownFileType = sourcecode.c.objc; path = RunLoopViewController.m; sourceTree = "<group>"; };
		2105E7562462EC4C0076A65B /* AANavigationController.m */ = {isa = PBXFileReference; fileEncoding = 4; lastKnownFileType = sourcecode.c.objc; path = AANavigationController.m; sourceTree = "<group>"; };
		2105E7572462EC4C0076A65B /* TextFViewController.h */ = {isa = PBXFileReference; fileEncoding = 4; lastKnownFileType = sourcecode.c.h; path = TextFViewController.h; sourceTree = "<group>"; };
		2105E7592462EC4C0076A65B /* LVieoView.m */ = {isa = PBXFileReference; fileEncoding = 4; lastKnownFileType = sourcecode.c.objc; path = LVieoView.m; sourceTree = "<group>"; };
		2105E75A2462EC4C0076A65B /* LVieoView.h */ = {isa = PBXFileReference; fileEncoding = 4; lastKnownFileType = sourcecode.c.h; path = LVieoView.h; sourceTree = "<group>"; };
		2105E75B2462EC4C0076A65B /* Person.m */ = {isa = PBXFileReference; fileEncoding = 4; lastKnownFileType = sourcecode.c.objc; path = Person.m; sourceTree = "<group>"; };
		2105E75C2462EC4C0076A65B /* main.m */ = {isa = PBXFileReference; fileEncoding = 4; lastKnownFileType = sourcecode.c.objc; path = main.m; sourceTree = "<group>"; };
		2105E75D2462EC4C0076A65B /* RunLoopViewController.xib */ = {isa = PBXFileReference; fileEncoding = 4; lastKnownFileType = file.xib; path = RunLoopViewController.xib; sourceTree = "<group>"; };
		2105E75E2462EC4C0076A65B /* AppDelegate.m */ = {isa = PBXFileReference; fileEncoding = 4; lastKnownFileType = sourcecode.c.objc; path = AppDelegate.m; sourceTree = "<group>"; };
		2105E75F2462EC4C0076A65B /* AAViewController.xib */ = {isa = PBXFileReference; fileEncoding = 4; lastKnownFileType = file.xib; path = AAViewController.xib; sourceTree = "<group>"; };
		2105E7602462EC4C0076A65B /* AAViewController.m */ = {isa = PBXFileReference; fileEncoding = 4; lastKnownFileType = sourcecode.c.objc; path = AAViewController.m; sourceTree = "<group>"; };
		2105E7612462EC4C0076A65B /* AView.h */ = {isa = PBXFileReference; fileEncoding = 4; lastKnownFileType = sourcecode.c.h; path = AView.h; sourceTree = "<group>"; };
		2105E7622462EC4C0076A65B /* AFNViewController.m */ = {isa = PBXFileReference; fileEncoding = 4; lastKnownFileType = sourcecode.c.objc; path = AFNViewController.m; sourceTree = "<group>"; };
		2105E7632462EC4C0076A65B /* _00TableViewController.m */ = {isa = PBXFileReference; fileEncoding = 4; lastKnownFileType = sourcecode.c.objc; path = _00TableViewController.m; sourceTree = "<group>"; };
		2105E7662462EC4C0076A65B /* SoundRecordDB.mm */ = {isa = PBXFileReference; fileEncoding = 4; lastKnownFileType = sourcecode.cpp.objcpp; path = SoundRecordDB.mm; sourceTree = "<group>"; };
		2105E7672462EC4C0076A65B /* BAFileHeader.h */ = {isa = PBXFileReference; fileEncoding = 4; lastKnownFileType = sourcecode.c.h; path = BAFileHeader.h; sourceTree = "<group>"; };
		2105E7692462EC4C0076A65B /* BAThemeListModel+WCDB.mm */ = {isa = PBXFileReference; fileEncoding = 4; lastKnownFileType = sourcecode.cpp.objcpp; path = "BAThemeListModel+WCDB.mm"; sourceTree = "<group>"; };
		2105E76A2462EC4C0076A65B /* BAThemeListModel.h */ = {isa = PBXFileReference; fileEncoding = 4; lastKnownFileType = sourcecode.c.h; path = BAThemeListModel.h; sourceTree = "<group>"; };
		2105E76B2462EC4C0076A65B /* BAUserInfo.m */ = {isa = PBXFileReference; fileEncoding = 4; lastKnownFileType = sourcecode.c.objc; path = BAUserInfo.m; sourceTree = "<group>"; };
		2105E76C2462EC4C0076A65B /* BAThemeListModel+WCDB.h */ = {isa = PBXFileReference; fileEncoding = 4; lastKnownFileType = sourcecode.c.h; path = "BAThemeListModel+WCDB.h"; sourceTree = "<group>"; };
		2105E76D2462EC4C0076A65B /* BAThemeListModel.m */ = {isa = PBXFileReference; fileEncoding = 4; lastKnownFileType = sourcecode.c.objc; path = BAThemeListModel.m; sourceTree = "<group>"; };
		2105E76E2462EC4C0076A65B /* BAUserInfo.h */ = {isa = PBXFileReference; fileEncoding = 4; lastKnownFileType = sourcecode.c.h; path = BAUserInfo.h; sourceTree = "<group>"; };
		2105E76F2462EC4C0076A65B /* SoundRecordDB.h */ = {isa = PBXFileReference; fileEncoding = 4; lastKnownFileType = sourcecode.c.h; path = SoundRecordDB.h; sourceTree = "<group>"; };
		2105E7702462EC4C0076A65B /* PalyThemeDB.h */ = {isa = PBXFileReference; fileEncoding = 4; lastKnownFileType = sourcecode.c.h; path = PalyThemeDB.h; sourceTree = "<group>"; };
		2105E7712462EC4C0076A65B /* DBFunctionProtocol.h */ = {isa = PBXFileReference; fileEncoding = 4; lastKnownFileType = sourcecode.c.h; path = DBFunctionProtocol.h; sourceTree = "<group>"; };
		2105E7722462EC4C0076A65B /* PalyThemeDB.mm */ = {isa = PBXFileReference; fileEncoding = 4; lastKnownFileType = sourcecode.cpp.objcpp; path = PalyThemeDB.mm; sourceTree = "<group>"; };
		2105E7732462EC4C0076A65B /* RunLoopViewController.h */ = {isa = PBXFileReference; fileEncoding = 4; lastKnownFileType = sourcecode.c.h; path = RunLoopViewController.h; sourceTree = "<group>"; };
		2105E7742462EC4C0076A65B /* Info.plist */ = {isa = PBXFileReference; fileEncoding = 4; lastKnownFileType = text.plist.xml; path = Info.plist; sourceTree = "<group>"; };
		2105E7762462EC4C0076A65B /* SceneDelegate.h */ = {isa = PBXFileReference; fileEncoding = 4; lastKnownFileType = sourcecode.c.h; path = SceneDelegate.h; sourceTree = "<group>"; };
		210753622496436100CD0C53 /* _15UIMenuController.h */ = {isa = PBXFileReference; lastKnownFileType = sourcecode.c.h; path = _15UIMenuController.h; sourceTree = "<group>"; };
		210753632496436100CD0C53 /* _15UIMenuController.m */ = {isa = PBXFileReference; lastKnownFileType = sourcecode.c.objc; path = _15UIMenuController.m; sourceTree = "<group>"; };
		2116C98424638D2200492DC2 /* _00TableViewCell.h */ = {isa = PBXFileReference; lastKnownFileType = sourcecode.c.h; path = _00TableViewCell.h; sourceTree = "<group>"; };
		2116C98524638D2200492DC2 /* _00TableViewCell.m */ = {isa = PBXFileReference; lastKnownFileType = sourcecode.c.objc; path = _00TableViewCell.m; sourceTree = "<group>"; };
		2116C98624638D2200492DC2 /* _00TableViewCell.xib */ = {isa = PBXFileReference; lastKnownFileType = file.xib; path = _00TableViewCell.xib; sourceTree = "<group>"; };
		213A9982246391850045DDF0 /* AXWebSocketEngine.h */ = {isa = PBXFileReference; fileEncoding = 4; lastKnownFileType = sourcecode.c.h; path = AXWebSocketEngine.h; sourceTree = "<group>"; };
		213A9983246391850045DDF0 /* AXWebSocketEngine.m */ = {isa = PBXFileReference; fileEncoding = 4; lastKnownFileType = sourcecode.c.objc; path = AXWebSocketEngine.m; sourceTree = "<group>"; };
		213A99852463919E0045DDF0 /* WCDBViewController.h */ = {isa = PBXFileReference; fileEncoding = 4; lastKnownFileType = sourcecode.c.h; path = WCDBViewController.h; sourceTree = "<group>"; };
		213A99862463919F0045DDF0 /* WCDBViewController.xib */ = {isa = PBXFileReference; fileEncoding = 4; lastKnownFileType = file.xib; path = WCDBViewController.xib; sourceTree = "<group>"; };
		213A99872463919F0045DDF0 /* WCDBViewController.m */ = {isa = PBXFileReference; fileEncoding = 4; lastKnownFileType = sourcecode.c.objc; path = WCDBViewController.m; sourceTree = "<group>"; };
		213A998A246391A80045DDF0 /* VideoViewController.h */ = {isa = PBXFileReference; fileEncoding = 4; lastKnownFileType = sourcecode.c.h; path = VideoViewController.h; sourceTree = "<group>"; };
		213A998B246391A80045DDF0 /* VideoViewController.m */ = {isa = PBXFileReference; fileEncoding = 4; lastKnownFileType = sourcecode.c.objc; path = VideoViewController.m; sourceTree = "<group>"; };
		213A998C246391A90045DDF0 /* VideoViewController.xib */ = {isa = PBXFileReference; fileEncoding = 4; lastKnownFileType = file.xib; path = VideoViewController.xib; sourceTree = "<group>"; };
		213A99992463BFD10045DDF0 /* webp.bundle */ = {isa = PBXFileReference; lastKnownFileType = "wrapper.plug-in"; path = webp.bundle; sourceTree = "<group>"; };
		214AF8BA249067A700A65D15 /* MakeKeyAndVisible.h */ = {isa = PBXFileReference; lastKnownFileType = sourcecode.c.h; path = MakeKeyAndVisible.h; sourceTree = "<group>"; };
		214AF8BB249067A700A65D15 /* MakeKeyAndVisible.m */ = {isa = PBXFileReference; lastKnownFileType = sourcecode.c.objc; path = MakeKeyAndVisible.m; sourceTree = "<group>"; };
		214FF8642476192A00EF0C29 /* 分享.entitlements */ = {isa = PBXFileReference; lastKnownFileType = text.plist.entitlements; path = "分享.entitlements"; sourceTree = "<group>"; };
		219BDE31247627EB00D7AAA6 /* MyActivity.h */ = {isa = PBXFileReference; lastKnownFileType = sourcecode.c.h; path = MyActivity.h; sourceTree = "<group>"; };
		219BDE32247627EB00D7AAA6 /* MyActivity.m */ = {isa = PBXFileReference; lastKnownFileType = sourcecode.c.objc; path = MyActivity.m; sourceTree = "<group>"; };
		219BDE3424762A2E00D7AAA6 /* CopyActivity.h */ = {isa = PBXFileReference; lastKnownFileType = sourcecode.c.h; path = CopyActivity.h; sourceTree = "<group>"; };
		219BDE3524762A2E00D7AAA6 /* CopyActivity.m */ = {isa = PBXFileReference; lastKnownFileType = sourcecode.c.objc; path = CopyActivity.m; sourceTree = "<group>"; };
		21B0F89124736EA2001BB2A0 /* _14TFViewController.h */ = {isa = PBXFileReference; lastKnownFileType = sourcecode.c.h; path = _14TFViewController.h; sourceTree = "<group>"; };
		21B0F89224736EA2001BB2A0 /* _14TFViewController.m */ = {isa = PBXFileReference; lastKnownFileType = sourcecode.c.objc; path = _14TFViewController.m; sourceTree = "<group>"; };
		21B0F89324736EA2001BB2A0 /* _14TFViewController.xib */ = {isa = PBXFileReference; lastKnownFileType = file.xib; path = _14TFViewController.xib; sourceTree = "<group>"; };
		21B5EC6C24B2CE5A00EDFE08 /* _09AFNViewController.h */ = {isa = PBXFileReference; lastKnownFileType = sourcecode.c.h; path = _09AFNViewController.h; sourceTree = "<group>"; };
		21B5EC6D24B2CE5A00EDFE08 /* _09AFNViewController.m */ = {isa = PBXFileReference; lastKnownFileType = sourcecode.c.objc; path = _09AFNViewController.m; sourceTree = "<group>"; };
		21B5EC6E24B2CE5A00EDFE08 /* _09AFNViewController.xib */ = {isa = PBXFileReference; lastKnownFileType = file.xib; path = _09AFNViewController.xib; sourceTree = "<group>"; };
		21C1AF9124C0320D00AF5DBB /* AFHTTPSessionManager+PutFile.h */ = {isa = PBXFileReference; lastKnownFileType = sourcecode.c.h; path = "AFHTTPSessionManager+PutFile.h"; sourceTree = "<group>"; };
		21C1AF9224C0320D00AF5DBB /* AFHTTPSessionManager+PutFile.m */ = {isa = PBXFileReference; lastKnownFileType = sourcecode.c.objc; path = "AFHTTPSessionManager+PutFile.m"; sourceTree = "<group>"; };
		21D670B92474E5D100890F8F /* 分享.appex */ = {isa = PBXFileReference; explicitFileType = "wrapper.app-extension"; includeInIndex = 0; path = "分享.appex"; sourceTree = BUILT_PRODUCTS_DIR; };
		21D670BB2474E5D100890F8F /* ShareViewController.h */ = {isa = PBXFileReference; lastKnownFileType = sourcecode.c.h; path = ShareViewController.h; sourceTree = "<group>"; };
		21D670BC2474E5D100890F8F /* ShareViewController.m */ = {isa = PBXFileReference; lastKnownFileType = sourcecode.c.objc; path = ShareViewController.m; sourceTree = "<group>"; };
		21D670BF2474E5D100890F8F /* Base */ = {isa = PBXFileReference; lastKnownFileType = file.storyboard; name = Base; path = Base.lproj/MainInterface.storyboard; sourceTree = "<group>"; };
		21D670C12474E5D100890F8F /* Info.plist */ = {isa = PBXFileReference; lastKnownFileType = text.plist.xml; path = Info.plist; sourceTree = "<group>"; };
		21D7AD8824C80A700023D9CE /* IMG_3972.GIF */ = {isa = PBXFileReference; lastKnownFileType = image.gif; path = IMG_3972.GIF; sourceTree = "<group>"; };
		21D7AD8A24C80C700023D9CE /* _13WebpViewController.h */ = {isa = PBXFileReference; lastKnownFileType = sourcecode.c.h; path = _13WebpViewController.h; sourceTree = "<group>"; };
		21D7AD8B24C80C700023D9CE /* _13WebpViewController.m */ = {isa = PBXFileReference; lastKnownFileType = sourcecode.c.objc; path = _13WebpViewController.m; sourceTree = "<group>"; };
		21D7AD8F24C8114C0023D9CE /* test_webp.webp */ = {isa = PBXFileReference; lastKnownFileType = file; path = test_webp.webp; sourceTree = "<group>"; };
		21D7AD9024C813740023D9CE /* 1234.webp */ = {isa = PBXFileReference; lastKnownFileType = file; path = 1234.webp; sourceTree = "<group>"; };
		21D7F7F224A9C74F0097A644 /* 123.jpg */ = {isa = PBXFileReference; lastKnownFileType = image.jpeg; path = 123.jpg; sourceTree = "<group>"; };
		21D9949D24D93FFE0096B627 /* _16KeyChainViewController.h */ = {isa = PBXFileReference; fileEncoding = 4; lastKnownFileType = sourcecode.c.h; path = _16KeyChainViewController.h; sourceTree = "<group>"; };
		21D9949E24D93FFF0096B627 /* _16KeyChainViewController.m */ = {isa = PBXFileReference; fileEncoding = 4; lastKnownFileType = sourcecode.c.objc; path = _16KeyChainViewController.m; sourceTree = "<group>"; };
		21E636B924AEC965000AE0ED /* UIViewController+Load.m */ = {isa = PBXFileReference; fileEncoding = 4; lastKnownFileType = sourcecode.c.objc; path = "UIViewController+Load.m"; sourceTree = "<group>"; };
		21E636BA24AEC965000AE0ED /* UIViewController+Load.h */ = {isa = PBXFileReference; fileEncoding = 4; lastKnownFileType = sourcecode.c.h; path = "UIViewController+Load.h"; sourceTree = "<group>"; };
		21E636BC24AECB79000AE0ED /* _01ViewController.h */ = {isa = PBXFileReference; lastKnownFileType = sourcecode.c.h; path = _01ViewController.h; sourceTree = "<group>"; };
		21E636BD24AECB79000AE0ED /* _01ViewController.m */ = {isa = PBXFileReference; lastKnownFileType = sourcecode.c.objc; path = _01ViewController.m; sourceTree = "<group>"; };
		21E636BE24AECB79000AE0ED /* _01ViewController.xib */ = {isa = PBXFileReference; lastKnownFileType = file.xib; path = _01ViewController.xib; sourceTree = "<group>"; };
		3921CF6BEA9759A6E192CBE2 /* Pods-AXiOSKitExample.release.xcconfig */ = {isa = PBXFileReference; includeInIndex = 1; lastKnownFileType = text.xcconfig; name = "Pods-AXiOSKitExample.release.xcconfig"; path = "Target Support Files/Pods-AXiOSKitExample/Pods-AXiOSKitExample.release.xcconfig"; sourceTree = "<group>"; };
		5BE708E4E9DACA9F3EB268E2 /* Pods-AXiOSKitExample.debug.xcconfig */ = {isa = PBXFileReference; includeInIndex = 1; lastKnownFileType = text.xcconfig; name = "Pods-AXiOSKitExample.debug.xcconfig"; path = "Target Support Files/Pods-AXiOSKitExample/Pods-AXiOSKitExample.debug.xcconfig"; sourceTree = "<group>"; };
		ED2AB1BCF4154D76F31004C5 /* Pods_AXiOSKitExample.framework */ = {isa = PBXFileReference; explicitFileType = wrapper.framework; includeInIndex = 0; path = Pods_AXiOSKitExample.framework; sourceTree = BUILT_PRODUCTS_DIR; };
/* End PBXFileReference section */

/* Begin PBXFrameworksBuildPhase section */
		2105E7032462EA640076A65B /* Frameworks */ = {
			isa = PBXFrameworksBuildPhase;
			buildActionMask = 2147483647;
			files = (
				EFB53CC9DAEACE15EEBA0F67 /* Pods_AXiOSKitExample.framework in Frameworks */,
			);
			runOnlyForDeploymentPostprocessing = 0;
		};
		21D670B62474E5D100890F8F /* Frameworks */ = {
			isa = PBXFrameworksBuildPhase;
			buildActionMask = 2147483647;
			files = (
			);
			runOnlyForDeploymentPostprocessing = 0;
		};
/* End PBXFrameworksBuildPhase section */

/* Begin PBXGroup section */
		03699C9438C256777AC22AB2 /* Pods */ = {
			isa = PBXGroup;
			children = (
				5BE708E4E9DACA9F3EB268E2 /* Pods-AXiOSKitExample.debug.xcconfig */,
				3921CF6BEA9759A6E192CBE2 /* Pods-AXiOSKitExample.release.xcconfig */,
			);
			path = Pods;
			sourceTree = "<group>";
		};
		2105E6FD2462EA640076A65B = {
			isa = PBXGroup;
			children = (
				2105E7222462EC4C0076A65B /* AXiOSKitExample */,
				21D670BA2474E5D100890F8F /* 分享 */,
				2105E7072462EA640076A65B /* Products */,
				03699C9438C256777AC22AB2 /* Pods */,
				F2C213425737F5241E0FABA4 /* Frameworks */,
			);
			sourceTree = "<group>";
		};
		2105E7072462EA640076A65B /* Products */ = {
			isa = PBXGroup;
			children = (
				2105E7062462EA640076A65B /* AXiOSKitExample.app */,
				21D670B92474E5D100890F8F /* 分享.appex */,
			);
			name = Products;
			sourceTree = "<group>";
		};
		2105E7222462EC4C0076A65B /* AXiOSKitExample */ = {
			isa = PBXGroup;
			children = (
				21D7AD8E24C810EE0023D9CE /* resource */,
				21CC98F92477815B0036B47B /* App */,
				21CC98FA247781680036B47B /* Class */,
			);
			path = AXiOSKitExample;
			sourceTree = "<group>";
		};
		2105E7262462EC4C0076A65B /* fishhook-master */ = {
			isa = PBXGroup;
			children = (
				2105E7272462EC4C0076A65B /* CODE_OF_CONDUCT.md */,
				2105E7282462EC4C0076A65B /* LICENSE */,
				2105E7292462EC4C0076A65B /* fishhook.c */,
				2105E72A2462EC4C0076A65B /* README.md */,
				2105E72B2462EC4C0076A65B /* CONTRIBUTING.md */,
				2105E72C2462EC4C0076A65B /* fishhook.h */,
				2105E72D2462EC4C0076A65B /* fishhook.podspec */,
			);
			path = "fishhook-master";
			sourceTree = "<group>";
		};
		2105E7322462EC4C0076A65B /* Test */ = {
			isa = PBXGroup;
			children = (
				2105E7332462EC4C0076A65B /* NSObject+MethodSwizzling.h */,
				2105E7382462EC4C0076A65B /* NSObject+MethodSwizzling.m */,
				2105E7342462EC4C0076A65B /* NSObject+SelectorDefender.h */,
				2105E7372462EC4C0076A65B /* NSObject+SelectorDefender.m */,
				2105E73B2462EC4C0076A65B /* TestObj.h */,
				2105E7362462EC4C0076A65B /* TestObj.m */,
			);
			path = Test;
			sourceTree = "<group>";
		};
		2105E73C2462EC4C0076A65B /* Chat */ = {
			isa = PBXGroup;
			children = (
				2105E73D2462EC4C0076A65B /* Controller */,
				2105E7412462EC4C0076A65B /* Model */,
			);
			path = Chat;
			sourceTree = "<group>";
		};
		2105E73D2462EC4C0076A65B /* Controller */ = {
			isa = PBXGroup;
			children = (
				2105E73E2462EC4C0076A65B /* ChatViewController.xib */,
				2105E73F2462EC4C0076A65B /* ChatViewController.m */,
				2105E7402462EC4C0076A65B /* ChatViewController.h */,
			);
			path = Controller;
			sourceTree = "<group>";
		};
		2105E7412462EC4C0076A65B /* Model */ = {
			isa = PBXGroup;
			children = (
				2105E7422462EC4C0076A65B /* ChatMessageModel.m */,
				2105E7432462EC4C0076A65B /* ChatTextMessageModel.h */,
				2105E7442462EC4C0076A65B /* ChatTextMessageModel.m */,
				2105E7452462EC4C0076A65B /* ChatMessageModel.h */,
			);
			path = Model;
			sourceTree = "<group>";
		};
		2105E7582462EC4C0076A65B /* TestVideo */ = {
			isa = PBXGroup;
			children = (
				2105E7592462EC4C0076A65B /* LVieoView.m */,
				2105E75A2462EC4C0076A65B /* LVieoView.h */,
			);
			path = TestVideo;
			sourceTree = "<group>";
		};
		2105E7642462EC4C0076A65B /* TestDB */ = {
			isa = PBXGroup;
			children = (
				2105E7652462EC4C0076A65B /* DBManager */,
			);
			path = TestDB;
			sourceTree = "<group>";
		};
		2105E7652462EC4C0076A65B /* DBManager */ = {
			isa = PBXGroup;
			children = (
				2105E7662462EC4C0076A65B /* SoundRecordDB.mm */,
				2105E7672462EC4C0076A65B /* BAFileHeader.h */,
				2105E7682462EC4C0076A65B /* Model */,
				2105E76F2462EC4C0076A65B /* SoundRecordDB.h */,
				2105E7702462EC4C0076A65B /* PalyThemeDB.h */,
				2105E7712462EC4C0076A65B /* DBFunctionProtocol.h */,
				2105E7722462EC4C0076A65B /* PalyThemeDB.mm */,
			);
			path = DBManager;
			sourceTree = "<group>";
		};
		2105E7682462EC4C0076A65B /* Model */ = {
			isa = PBXGroup;
			children = (
				2105E7692462EC4C0076A65B /* BAThemeListModel+WCDB.mm */,
				2105E76A2462EC4C0076A65B /* BAThemeListModel.h */,
				2105E76B2462EC4C0076A65B /* BAUserInfo.m */,
				2105E76C2462EC4C0076A65B /* BAThemeListModel+WCDB.h */,
				2105E76D2462EC4C0076A65B /* BAThemeListModel.m */,
				2105E76E2462EC4C0076A65B /* BAUserInfo.h */,
			);
			path = Model;
			sourceTree = "<group>";
		};
		213A9981246391850045DDF0 /* WebSocket */ = {
			isa = PBXGroup;
			children = (
				213A9982246391850045DDF0 /* AXWebSocketEngine.h */,
				213A9983246391850045DDF0 /* AXWebSocketEngine.m */,
			);
			path = WebSocket;
			sourceTree = "<group>";
		};
		21CC98F92477815B0036B47B /* App */ = {
			isa = PBXGroup;
			children = (
				21E636BA24AEC965000AE0ED /* UIViewController+Load.h */,
				21E636B924AEC965000AE0ED /* UIViewController+Load.m */,
				2105E7312462EC4C0076A65B /* AppDelegate.h */,
				2105E75E2462EC4C0076A65B /* AppDelegate.m */,
				2105E7742462EC4C0076A65B /* Info.plist */,
				2105E7512462EC4C0076A65B /* LaunchScreen.storyboard */,
				2105E75C2462EC4C0076A65B /* main.m */,
				2105E7532462EC4C0076A65B /* Main.storyboard */,
				2105E7762462EC4C0076A65B /* SceneDelegate.h */,
				2105E74F2462EC4C0076A65B /* SceneDelegate.m */,
				214AF8BA249067A700A65D15 /* MakeKeyAndVisible.h */,
				214AF8BB249067A700A65D15 /* MakeKeyAndVisible.m */,
			);
			name = App;
			sourceTree = "<group>";
		};
		21CC98FA247781680036B47B /* Class */ = {
			isa = PBXGroup;
			children = (
				2116C98424638D2200492DC2 /* _00TableViewCell.h */,
				2116C98524638D2200492DC2 /* _00TableViewCell.m */,
				2116C98624638D2200492DC2 /* _00TableViewCell.xib */,
				2105E7482462EC4C0076A65B /* _00TableViewController.h */,
				2105E7632462EC4C0076A65B /* _00TableViewController.m */,
				21E636BC24AECB79000AE0ED /* _01ViewController.h */,
				21E636BD24AECB79000AE0ED /* _01ViewController.m */,
				21E636BE24AECB79000AE0ED /* _01ViewController.xib */,
				21B5EC6C24B2CE5A00EDFE08 /* _09AFNViewController.h */,
				21B5EC6D24B2CE5A00EDFE08 /* _09AFNViewController.m */,
				21B5EC6E24B2CE5A00EDFE08 /* _09AFNViewController.xib */,
				21D7AD8A24C80C700023D9CE /* _13WebpViewController.h */,
				21D7AD8B24C80C700023D9CE /* _13WebpViewController.m */,
				21B0F89124736EA2001BB2A0 /* _14TFViewController.h */,
				21B0F89224736EA2001BB2A0 /* _14TFViewController.m */,
				21B0F89324736EA2001BB2A0 /* _14TFViewController.xib */,
				210753622496436100CD0C53 /* _15UIMenuController.h */,
				210753632496436100CD0C53 /* _15UIMenuController.m */,
				21D9949D24D93FFE0096B627 /* _16KeyChainViewController.h */,
				21D9949E24D93FFF0096B627 /* _16KeyChainViewController.m */,
				2105E72E2462EC4C0076A65B /* AANavigationController.h */,
				2105E7562462EC4C0076A65B /* AANavigationController.m */,
				2105E74B2462EC4C0076A65B /* AAViewController.h */,
				2105E7602462EC4C0076A65B /* AAViewController.m */,
				2105E75F2462EC4C0076A65B /* AAViewController.xib */,
				21C1AF9124C0320D00AF5DBB /* AFHTTPSessionManager+PutFile.h */,
				21C1AF9224C0320D00AF5DBB /* AFHTTPSessionManager+PutFile.m */,
				2105E7492462EC4C0076A65B /* AFNViewController.h */,
				2105E7622462EC4C0076A65B /* AFNViewController.m */,
				2105E7302462EC4C0076A65B /* AFNViewController.xib */,
				2105E7612462EC4C0076A65B /* AView.h */,
				2105E74A2462EC4C0076A65B /* AView.m */,
				2105E73C2462EC4C0076A65B /* Chat */,
				219BDE3424762A2E00D7AAA6 /* CopyActivity.h */,
				219BDE3524762A2E00D7AAA6 /* CopyActivity.m */,
				2105E7262462EC4C0076A65B /* fishhook-master */,
				219BDE31247627EB00D7AAA6 /* MyActivity.h */,
				219BDE32247627EB00D7AAA6 /* MyActivity.m */,
				2105E7232462EC4C0076A65B /* Person.h */,
				2105E75B2462EC4C0076A65B /* Person.m */,
				2105E7732462EC4C0076A65B /* RunLoopViewController.h */,
				2105E7552462EC4C0076A65B /* RunLoopViewController.m */,
				2105E75D2462EC4C0076A65B /* RunLoopViewController.xib */,
				2105E7322462EC4C0076A65B /* Test */,
				2105E7642462EC4C0076A65B /* TestDB */,
				2105E7582462EC4C0076A65B /* TestVideo */,
				2105E7572462EC4C0076A65B /* TextFViewController.h */,
				2105E7252462EC4C0076A65B /* TextFViewController.m */,
				2105E7242462EC4C0076A65B /* TextFViewController.xib */,
				213A998A246391A80045DDF0 /* VideoViewController.h */,
				213A998B246391A80045DDF0 /* VideoViewController.m */,
				213A998C246391A90045DDF0 /* VideoViewController.xib */,
				213A99852463919E0045DDF0 /* WCDBViewController.h */,
				213A99872463919F0045DDF0 /* WCDBViewController.m */,
				213A99862463919F0045DDF0 /* WCDBViewController.xib */,
				213A9981246391850045DDF0 /* WebSocket */,
			);
			name = Class;
			sourceTree = "<group>";
		};
		21D670BA2474E5D100890F8F /* 分享 */ = {
			isa = PBXGroup;
			children = (
				214FF8642476192A00EF0C29 /* 分享.entitlements */,
				21D670BB2474E5D100890F8F /* ShareViewController.h */,
				21D670BC2474E5D100890F8F /* ShareViewController.m */,
				21D670BE2474E5D100890F8F /* MainInterface.storyboard */,
				21D670C12474E5D100890F8F /* Info.plist */,
			);
			path = "分享";
			sourceTree = "<group>";
		};
		21D7AD8E24C810EE0023D9CE /* resource */ = {
			isa = PBXGroup;
			children = (
				21D7AD9024C813740023D9CE /* 1234.webp */,
				21D7AD8F24C8114C0023D9CE /* test_webp.webp */,
				2105E74C2462EC4C0076A65B /* Assets.xcassets */,
				213A99992463BFD10045DDF0 /* webp.bundle */,
				2105E72F2462EC4C0076A65B /* H5.bundle */,
				21D7AD8824C80A700023D9CE /* IMG_3972.GIF */,
				21D7F7F224A9C74F0097A644 /* 123.jpg */,
			);
			name = resource;
			sourceTree = "<group>";
		};
		F2C213425737F5241E0FABA4 /* Frameworks */ = {
			isa = PBXGroup;
			children = (
				ED2AB1BCF4154D76F31004C5 /* Pods_AXiOSKitExample.framework */,
			);
			name = Frameworks;
			sourceTree = "<group>";
		};
/* End PBXGroup section */

/* Begin PBXNativeTarget section */
		2105E7052462EA640076A65B /* AXiOSKitExample */ = {
			isa = PBXNativeTarget;
			buildConfigurationList = 2105E71F2462EA660076A65B /* Build configuration list for PBXNativeTarget "AXiOSKitExample" */;
			buildPhases = (
				10404315A37FAA130301C031 /* [CP] Check Pods Manifest.lock */,
				2105E7022462EA640076A65B /* Sources */,
				2105E7032462EA640076A65B /* Frameworks */,
				2105E7042462EA640076A65B /* Resources */,
				7975C44782069503AFEA4982 /* [CP] Embed Pods Frameworks */,
				21D670C82474E5D100890F8F /* Embed App Extensions */,
			);
			buildRules = (
			);
			dependencies = (
				21D670C32474E5D100890F8F /* PBXTargetDependency */,
			);
			name = AXiOSKitExample;
			productName = AXiOSKitExample;
			productReference = 2105E7062462EA640076A65B /* AXiOSKitExample.app */;
			productType = "com.apple.product-type.application";
		};
		21D670B82474E5D100890F8F /* 分享 */ = {
			isa = PBXNativeTarget;
			buildConfigurationList = 21D670C52474E5D100890F8F /* Build configuration list for PBXNativeTarget "分享" */;
			buildPhases = (
				21D670B52474E5D100890F8F /* Sources */,
				21D670B62474E5D100890F8F /* Frameworks */,
				21D670B72474E5D100890F8F /* Resources */,
			);
			buildRules = (
			);
			dependencies = (
			);
			name = "分享";
			productName = "分享";
			productReference = 21D670B92474E5D100890F8F /* 分享.appex */;
			productType = "com.apple.product-type.app-extension";
		};
/* End PBXNativeTarget section */

/* Begin PBXProject section */
		2105E6FE2462EA640076A65B /* Project object */ = {
			isa = PBXProject;
			attributes = {
				DefaultBuildSystemTypeForWorkspace = Original;
				LastUpgradeCheck = 1140;
				ORGANIZATIONNAME = liuweixing;
				TargetAttributes = {
					2105E7052462EA640076A65B = {
						CreatedOnToolsVersion = 11.4.1;
					};
					21D670B82474E5D100890F8F = {
						CreatedOnToolsVersion = 11.4.1;
					};
				};
			};
			buildConfigurationList = 2105E7012462EA640076A65B /* Build configuration list for PBXProject "AXiOSKitExample" */;
			compatibilityVersion = "Xcode 9.3";
			developmentRegion = en;
			hasScannedForEncodings = 0;
			knownRegions = (
				en,
				Base,
			);
			mainGroup = 2105E6FD2462EA640076A65B;
			productRefGroup = 2105E7072462EA640076A65B /* Products */;
			projectDirPath = "";
			projectRoot = "";
			targets = (
				2105E7052462EA640076A65B /* AXiOSKitExample */,
				21D670B82474E5D100890F8F /* 分享 */,
			);
		};
/* End PBXProject section */

/* Begin PBXResourcesBuildPhase section */
		2105E7042462EA640076A65B /* Resources */ = {
			isa = PBXResourcesBuildPhase;
			buildActionMask = 2147483647;
			files = (
				2105E77B2462EC4C0076A65B /* LICENSE in Resources */,
				2105E77F2462EC4C0076A65B /* fishhook.podspec in Resources */,
				2105E7812462EC4C0076A65B /* AFNViewController.xib in Resources */,
				2105E7782462EC4C0076A65B /* TextFViewController.xib in Resources */,
				2105E77E2462EC4C0076A65B /* CONTRIBUTING.md in Resources */,
				21E636C024AECB79000AE0ED /* _01ViewController.xib in Resources */,
				213A99882463919F0045DDF0 /* WCDBViewController.xib in Resources */,
				2105E79A2462EC4C0076A65B /* AAViewController.xib in Resources */,
				21D7AD8924C80A700023D9CE /* IMG_3972.GIF in Resources */,
				213A998E246391A90045DDF0 /* VideoViewController.xib in Resources */,
				2116C98824638D2200492DC2 /* _00TableViewCell.xib in Resources */,
				21B0F89524736EA2001BB2A0 /* _14TFViewController.xib in Resources */,
				21D7F7F324A9C74F0097A644 /* 123.jpg in Resources */,
				2105E7922462EC4C0076A65B /* Main.storyboard in Resources */,
				2105E7982462EC4C0076A65B /* RunLoopViewController.xib in Resources */,
				2105E7802462EC4C0076A65B /* H5.bundle in Resources */,
				2105E77D2462EC4C0076A65B /* README.md in Resources */,
				213A999A2463BFD10045DDF0 /* webp.bundle in Resources */,
				2105E7872462EC4C0076A65B /* ChatViewController.xib in Resources */,
				2105E7912462EC4C0076A65B /* LaunchScreen.storyboard in Resources */,
				21B5EC7024B2CE5A00EDFE08 /* _09AFNViewController.xib in Resources */,
				2105E78D2462EC4C0076A65B /* Assets.xcassets in Resources */,
				2105E77A2462EC4C0076A65B /* CODE_OF_CONDUCT.md in Resources */,
			);
			runOnlyForDeploymentPostprocessing = 0;
		};
		21D670B72474E5D100890F8F /* Resources */ = {
			isa = PBXResourcesBuildPhase;
			buildActionMask = 2147483647;
			files = (
				21D670C02474E5D100890F8F /* MainInterface.storyboard in Resources */,
			);
			runOnlyForDeploymentPostprocessing = 0;
		};
/* End PBXResourcesBuildPhase section */

/* Begin PBXShellScriptBuildPhase section */
		10404315A37FAA130301C031 /* [CP] Check Pods Manifest.lock */ = {
			isa = PBXShellScriptBuildPhase;
			buildActionMask = 2147483647;
			files = (
			);
			inputFileListPaths = (
			);
			inputPaths = (
				"${PODS_PODFILE_DIR_PATH}/Podfile.lock",
				"${PODS_ROOT}/Manifest.lock",
			);
			name = "[CP] Check Pods Manifest.lock";
			outputFileListPaths = (
			);
			outputPaths = (
				"$(DERIVED_FILE_DIR)/Pods-AXiOSKitExample-checkManifestLockResult.txt",
			);
			runOnlyForDeploymentPostprocessing = 0;
			shellPath = /bin/sh;
			shellScript = "diff \"${PODS_PODFILE_DIR_PATH}/Podfile.lock\" \"${PODS_ROOT}/Manifest.lock\" > /dev/null\nif [ $? != 0 ] ; then\n    # print error to STDERR\n    echo \"error: The sandbox is not in sync with the Podfile.lock. Run 'pod install' or update your CocoaPods installation.\" >&2\n    exit 1\nfi\n# This output is used by Xcode 'outputs' to avoid re-running this script phase.\necho \"SUCCESS\" > \"${SCRIPT_OUTPUT_FILE_0}\"\n";
			showEnvVarsInLog = 0;
		};
		7975C44782069503AFEA4982 /* [CP] Embed Pods Frameworks */ = {
			isa = PBXShellScriptBuildPhase;
			buildActionMask = 2147483647;
			files = (
			);
			inputFileListPaths = (
				"${PODS_ROOT}/Target Support Files/Pods-AXiOSKitExample/Pods-AXiOSKitExample-frameworks-${CONFIGURATION}-input-files.xcfilelist",
			);
			name = "[CP] Embed Pods Frameworks";
			outputFileListPaths = (
				"${PODS_ROOT}/Target Support Files/Pods-AXiOSKitExample/Pods-AXiOSKitExample-frameworks-${CONFIGURATION}-output-files.xcfilelist",
			);
			runOnlyForDeploymentPostprocessing = 0;
			shellPath = /bin/sh;
			shellScript = "\"${PODS_ROOT}/Target Support Files/Pods-AXiOSKitExample/Pods-AXiOSKitExample-frameworks.sh\"\n";
			showEnvVarsInLog = 0;
		};
/* End PBXShellScriptBuildPhase section */

/* Begin PBXSourcesBuildPhase section */
		2105E7022462EA640076A65B /* Sources */ = {
			isa = PBXSourcesBuildPhase;
			buildActionMask = 2147483647;
			files = (
				2105E7952462EC4C0076A65B /* LVieoView.m in Sources */,
				21D9949F24D93FFF0096B627 /* _16KeyChainViewController.m in Sources */,
				213A9984246391850045DDF0 /* AXWebSocketEngine.m in Sources */,
				2105E78A2462EC4C0076A65B /* ChatTextMessageModel.m in Sources */,
				2105E7992462EC4C0076A65B /* AppDelegate.m in Sources */,
				21B5EC6F24B2CE5A00EDFE08 /* _09AFNViewController.m in Sources */,
				213A99892463919F0045DDF0 /* WCDBViewController.m in Sources */,
				219BDE3624762A2E00D7AAA6 /* CopyActivity.m in Sources */,
				2105E7942462EC4C0076A65B /* AANavigationController.m in Sources */,
				2105E7842462EC4C0076A65B /* NSObject+MethodSwizzling.m in Sources */,
				2105E7822462EC4C0076A65B /* TestObj.m in Sources */,
				2105E79C2462EC4C0076A65B /* AFNViewController.m in Sources */,
				21C1AF9324C0320D00AF5DBB /* AFHTTPSessionManager+PutFile.m in Sources */,
				2105E79E2462EC4C0076A65B /* SoundRecordDB.mm in Sources */,
				213A998D246391A90045DDF0 /* VideoViewController.m in Sources */,
				2105E7892462EC4C0076A65B /* ChatMessageModel.m in Sources */,
				21B0F89424736EA2001BB2A0 /* _14TFViewController.m in Sources */,
				2105E7A22462EC4C0076A65B /* PalyThemeDB.mm in Sources */,
				2105E77C2462EC4C0076A65B /* fishhook.c in Sources */,
				2105E7A12462EC4C0076A65B /* BAThemeListModel.m in Sources */,
				2105E78F2462EC4C0076A65B /* SceneDelegate.m in Sources */,
				214AF8BC249067A700A65D15 /* MakeKeyAndVisible.m in Sources */,
				2105E7962462EC4C0076A65B /* Person.m in Sources */,
				2105E7792462EC4C0076A65B /* TextFViewController.m in Sources */,
				2105E79B2462EC4C0076A65B /* AAViewController.m in Sources */,
				2105E7972462EC4C0076A65B /* main.m in Sources */,
				219BDE33247627EB00D7AAA6 /* MyActivity.m in Sources */,
				21E636BB24AEC965000AE0ED /* UIViewController+Load.m in Sources */,
				21D7AD8C24C80C700023D9CE /* _13WebpViewController.m in Sources */,
				2105E79F2462EC4C0076A65B /* BAThemeListModel+WCDB.mm in Sources */,
				2105E7932462EC4C0076A65B /* RunLoopViewController.m in Sources */,
				21E636BF24AECB79000AE0ED /* _01ViewController.m in Sources */,
				210753642496436100CD0C53 /* _15UIMenuController.m in Sources */,
				2105E7882462EC4C0076A65B /* ChatViewController.m in Sources */,
				2105E78C2462EC4C0076A65B /* AView.m in Sources */,
				2105E7A02462EC4C0076A65B /* BAUserInfo.m in Sources */,
				2105E79D2462EC4C0076A65B /* _00TableViewController.m in Sources */,
				2116C98724638D2200492DC2 /* _00TableViewCell.m in Sources */,
				2105E7832462EC4C0076A65B /* NSObject+SelectorDefender.m in Sources */,
			);
			runOnlyForDeploymentPostprocessing = 0;
		};
		21D670B52474E5D100890F8F /* Sources */ = {
			isa = PBXSourcesBuildPhase;
			buildActionMask = 2147483647;
			files = (
				21D670BD2474E5D100890F8F /* ShareViewController.m in Sources */,
			);
			runOnlyForDeploymentPostprocessing = 0;
		};
/* End PBXSourcesBuildPhase section */

/* Begin PBXTargetDependency section */
		21D670C32474E5D100890F8F /* PBXTargetDependency */ = {
			isa = PBXTargetDependency;
			target = 21D670B82474E5D100890F8F /* 分享 */;
			targetProxy = 21D670C22474E5D100890F8F /* PBXContainerItemProxy */;
		};
/* End PBXTargetDependency section */

/* Begin PBXVariantGroup section */
		2105E7512462EC4C0076A65B /* LaunchScreen.storyboard */ = {
			isa = PBXVariantGroup;
			children = (
				2105E7522462EC4C0076A65B /* Base */,
			);
			name = LaunchScreen.storyboard;
			sourceTree = "<group>";
		};
		2105E7532462EC4C0076A65B /* Main.storyboard */ = {
			isa = PBXVariantGroup;
			children = (
				2105E7542462EC4C0076A65B /* Base */,
			);
			name = Main.storyboard;
			sourceTree = "<group>";
		};
		21D670BE2474E5D100890F8F /* MainInterface.storyboard */ = {
			isa = PBXVariantGroup;
			children = (
				21D670BF2474E5D100890F8F /* Base */,
			);
			name = MainInterface.storyboard;
			sourceTree = "<group>";
		};
/* End PBXVariantGroup section */

/* Begin XCBuildConfiguration section */
		2105E71D2462EA660076A65B /* Debug */ = {
			isa = XCBuildConfiguration;
			buildSettings = {
				ALWAYS_SEARCH_USER_PATHS = NO;
				CLANG_ANALYZER_NONNULL = YES;
				CLANG_ANALYZER_NUMBER_OBJECT_CONVERSION = YES_AGGRESSIVE;
				CLANG_CXX_LANGUAGE_STANDARD = "gnu++14";
				CLANG_CXX_LIBRARY = "libc++";
				CLANG_ENABLE_MODULES = YES;
				CLANG_ENABLE_OBJC_ARC = YES;
				CLANG_ENABLE_OBJC_WEAK = YES;
				CLANG_WARN_BLOCK_CAPTURE_AUTORELEASING = YES;
				CLANG_WARN_BOOL_CONVERSION = YES;
				CLANG_WARN_COMMA = YES;
				CLANG_WARN_CONSTANT_CONVERSION = YES;
				CLANG_WARN_DEPRECATED_OBJC_IMPLEMENTATIONS = YES;
				CLANG_WARN_DIRECT_OBJC_ISA_USAGE = YES_ERROR;
				CLANG_WARN_DOCUMENTATION_COMMENTS = YES;
				CLANG_WARN_EMPTY_BODY = YES;
				CLANG_WARN_ENUM_CONVERSION = YES;
				CLANG_WARN_INFINITE_RECURSION = YES;
				CLANG_WARN_INT_CONVERSION = YES;
				CLANG_WARN_NON_LITERAL_NULL_CONVERSION = YES;
				CLANG_WARN_OBJC_IMPLICIT_RETAIN_SELF = YES;
				CLANG_WARN_OBJC_LITERAL_CONVERSION = YES;
				CLANG_WARN_OBJC_ROOT_CLASS = YES_ERROR;
				CLANG_WARN_RANGE_LOOP_ANALYSIS = YES;
				CLANG_WARN_STRICT_PROTOTYPES = YES;
				CLANG_WARN_SUSPICIOUS_MOVE = YES;
				CLANG_WARN_UNGUARDED_AVAILABILITY = YES_AGGRESSIVE;
				CLANG_WARN_UNREACHABLE_CODE = YES;
				CLANG_WARN__DUPLICATE_METHOD_MATCH = YES;
				COPY_PHASE_STRIP = NO;
				DEBUG_INFORMATION_FORMAT = dwarf;
				ENABLE_STRICT_OBJC_MSGSEND = YES;
				ENABLE_TESTABILITY = YES;
				GCC_C_LANGUAGE_STANDARD = gnu11;
				GCC_DYNAMIC_NO_PIC = NO;
				GCC_NO_COMMON_BLOCKS = YES;
				GCC_OPTIMIZATION_LEVEL = 0;
				GCC_PREPROCESSOR_DEFINITIONS = (
					"DEBUG=1",
					"$(inherited)",
				);
				GCC_WARN_64_TO_32_BIT_CONVERSION = YES;
				GCC_WARN_ABOUT_RETURN_TYPE = YES_ERROR;
				GCC_WARN_UNDECLARED_SELECTOR = YES;
				GCC_WARN_UNINITIALIZED_AUTOS = YES_AGGRESSIVE;
				GCC_WARN_UNUSED_FUNCTION = YES;
				GCC_WARN_UNUSED_VARIABLE = YES;
				IPHONEOS_DEPLOYMENT_TARGET = 9.0;
				MTL_ENABLE_DEBUG_INFO = INCLUDE_SOURCE;
				MTL_FAST_MATH = YES;
				ONLY_ACTIVE_ARCH = YES;
				SDKROOT = iphoneos;
			};
			name = Debug;
		};
		2105E71E2462EA660076A65B /* Release */ = {
			isa = XCBuildConfiguration;
			buildSettings = {
				ALWAYS_SEARCH_USER_PATHS = NO;
				CLANG_ANALYZER_NONNULL = YES;
				CLANG_ANALYZER_NUMBER_OBJECT_CONVERSION = YES_AGGRESSIVE;
				CLANG_CXX_LANGUAGE_STANDARD = "gnu++14";
				CLANG_CXX_LIBRARY = "libc++";
				CLANG_ENABLE_MODULES = YES;
				CLANG_ENABLE_OBJC_ARC = YES;
				CLANG_ENABLE_OBJC_WEAK = YES;
				CLANG_WARN_BLOCK_CAPTURE_AUTORELEASING = YES;
				CLANG_WARN_BOOL_CONVERSION = YES;
				CLANG_WARN_COMMA = YES;
				CLANG_WARN_CONSTANT_CONVERSION = YES;
				CLANG_WARN_DEPRECATED_OBJC_IMPLEMENTATIONS = YES;
				CLANG_WARN_DIRECT_OBJC_ISA_USAGE = YES_ERROR;
				CLANG_WARN_DOCUMENTATION_COMMENTS = YES;
				CLANG_WARN_EMPTY_BODY = YES;
				CLANG_WARN_ENUM_CONVERSION = YES;
				CLANG_WARN_INFINITE_RECURSION = YES;
				CLANG_WARN_INT_CONVERSION = YES;
				CLANG_WARN_NON_LITERAL_NULL_CONVERSION = YES;
				CLANG_WARN_OBJC_IMPLICIT_RETAIN_SELF = YES;
				CLANG_WARN_OBJC_LITERAL_CONVERSION = YES;
				CLANG_WARN_OBJC_ROOT_CLASS = YES_ERROR;
				CLANG_WARN_RANGE_LOOP_ANALYSIS = YES;
				CLANG_WARN_STRICT_PROTOTYPES = YES;
				CLANG_WARN_SUSPICIOUS_MOVE = YES;
				CLANG_WARN_UNGUARDED_AVAILABILITY = YES_AGGRESSIVE;
				CLANG_WARN_UNREACHABLE_CODE = YES;
				CLANG_WARN__DUPLICATE_METHOD_MATCH = YES;
				COPY_PHASE_STRIP = NO;
				DEBUG_INFORMATION_FORMAT = "dwarf-with-dsym";
				ENABLE_NS_ASSERTIONS = NO;
				ENABLE_STRICT_OBJC_MSGSEND = YES;
				GCC_C_LANGUAGE_STANDARD = gnu11;
				GCC_NO_COMMON_BLOCKS = YES;
				GCC_WARN_64_TO_32_BIT_CONVERSION = YES;
				GCC_WARN_ABOUT_RETURN_TYPE = YES_ERROR;
				GCC_WARN_UNDECLARED_SELECTOR = YES;
				GCC_WARN_UNINITIALIZED_AUTOS = YES_AGGRESSIVE;
				GCC_WARN_UNUSED_FUNCTION = YES;
				GCC_WARN_UNUSED_VARIABLE = YES;
				IPHONEOS_DEPLOYMENT_TARGET = 9.0;
				MTL_ENABLE_DEBUG_INFO = NO;
				MTL_FAST_MATH = YES;
				SDKROOT = iphoneos;
				VALIDATE_PRODUCT = YES;
			};
			name = Release;
		};
		2105E7202462EA660076A65B /* Debug */ = {
			isa = XCBuildConfiguration;
			baseConfigurationReference = 5BE708E4E9DACA9F3EB268E2 /* Pods-AXiOSKitExample.debug.xcconfig */;
			buildSettings = {
				ASSETCATALOG_COMPILER_APPICON_NAME = AppIcon;
				CODE_SIGN_STYLE = Automatic;
				CURRENT_PROJECT_VERSION = 1;
				DEVELOPMENT_TEAM = 2BZJZ65HL3;
				ENABLE_STRICT_OBJC_MSGSEND = NO;
				INFOPLIST_FILE = AXiOSKitExample/Info.plist;
				LD_RUNPATH_SEARCH_PATHS = (
					"$(inherited)",
					"@executable_path/Frameworks",
				);
				LIBRARY_SEARCH_PATHS = "";
				MARKETING_VERSION = 1.0.0;
				PRODUCT_BUNDLE_IDENTIFIER = com.ax.kit;
				PRODUCT_NAME = "$(TARGET_NAME)";
				TARGETED_DEVICE_FAMILY = "1,2";
			};
			name = Debug;
		};
		2105E7212462EA660076A65B /* Release */ = {
			isa = XCBuildConfiguration;
			baseConfigurationReference = 3921CF6BEA9759A6E192CBE2 /* Pods-AXiOSKitExample.release.xcconfig */;
			buildSettings = {
				ASSETCATALOG_COMPILER_APPICON_NAME = AppIcon;
				CODE_SIGN_STYLE = Automatic;
				CURRENT_PROJECT_VERSION = 1;
				DEVELOPMENT_TEAM = 2BZJZ65HL3;
				ENABLE_STRICT_OBJC_MSGSEND = NO;
				INFOPLIST_FILE = AXiOSKitExample/Info.plist;
				LD_RUNPATH_SEARCH_PATHS = (
					"$(inherited)",
					"@executable_path/Frameworks",
				);
				LIBRARY_SEARCH_PATHS = "";
				MARKETING_VERSION = 1.0.0;
				PRODUCT_BUNDLE_IDENTIFIER = com.ax.kit;
				PRODUCT_NAME = "$(TARGET_NAME)";
				TARGETED_DEVICE_FAMILY = "1,2";
			};
			name = Release;
		};
		21D670C62474E5D100890F8F /* Debug */ = {
			isa = XCBuildConfiguration;
			buildSettings = {
				CODE_SIGN_ENTITLEMENTS = "分享/分享.entitlements";
				CODE_SIGN_STYLE = Automatic;
				DEVELOPMENT_TEAM = 2BZJZ65HL3;
				INFOPLIST_FILE = "分享/Info.plist";
				LD_RUNPATH_SEARCH_PATHS = (
					"$(inherited)",
					"@executable_path/Frameworks",
					"@executable_path/../../Frameworks",
				);
				PRODUCT_BUNDLE_IDENTIFIER = com.ax.kit.share;
				PRODUCT_NAME = "$(TARGET_NAME)";
				SKIP_INSTALL = YES;
				TARGETED_DEVICE_FAMILY = "1,2";
			};
			name = Debug;
		};
		21D670C72474E5D100890F8F /* Release */ = {
			isa = XCBuildConfiguration;
			buildSettings = {
				CODE_SIGN_ENTITLEMENTS = "分享/分享.entitlements";
				CODE_SIGN_STYLE = Automatic;
				DEVELOPMENT_TEAM = 2BZJZ65HL3;
				INFOPLIST_FILE = "分享/Info.plist";
				LD_RUNPATH_SEARCH_PATHS = (
					"$(inherited)",
					"@executable_path/Frameworks",
					"@executable_path/../../Frameworks",
				);
				PRODUCT_BUNDLE_IDENTIFIER = com.ax.kit.share;
				PRODUCT_NAME = "$(TARGET_NAME)";
				SKIP_INSTALL = YES;
				TARGETED_DEVICE_FAMILY = "1,2";
			};
			name = Release;
		};
/* End XCBuildConfiguration section */

/* Begin XCConfigurationList section */
		2105E7012462EA640076A65B /* Build configuration list for PBXProject "AXiOSKitExample" */ = {
			isa = XCConfigurationList;
			buildConfigurations = (
				2105E71D2462EA660076A65B /* Debug */,
				2105E71E2462EA660076A65B /* Release */,
			);
			defaultConfigurationIsVisible = 0;
			defaultConfigurationName = Release;
		};
		2105E71F2462EA660076A65B /* Build configuration list for PBXNativeTarget "AXiOSKitExample" */ = {
			isa = XCConfigurationList;
			buildConfigurations = (
				2105E7202462EA660076A65B /* Debug */,
				2105E7212462EA660076A65B /* Release */,
			);
			defaultConfigurationIsVisible = 0;
			defaultConfigurationName = Release;
		};
		21D670C52474E5D100890F8F /* Build configuration list for PBXNativeTarget "分享" */ = {
			isa = XCConfigurationList;
			buildConfigurations = (
				21D670C62474E5D100890F8F /* Debug */,
				21D670C72474E5D100890F8F /* Release */,
			);
			defaultConfigurationIsVisible = 0;
			defaultConfigurationName = Release;
		};
/* End XCConfigurationList section */
	};
	rootObject = 2105E6FE2462EA640076A65B /* Project object */;
}
